
Microsoft Visual Studio Solution File, Format Version 12.00
# Visual Studio 2013
VisualStudioVersion = 12.0.30723.0
MinimumVisualStudioVersion = 10.0.40219.1
Project("{FAE04EC0-301F-11D3-BF4B-00C04F79EFBC}") = "JenkinsTest_Example", "JenkinsTest_Example\JenkinsTest_Example.csproj", "{797D2CAA-3D77-4541-ABE5-8ADE1939D8AC}"
EndProject
Project("{FAE04EC0-301F-11D3-BF4B-00C04F79EFBC}") = "JenkinsTest_ExampleTests", "JenkinsTest_ExampleTests\JenkinsTest_ExampleTests.csproj", "{70983110-A624-44D5-B76F-A87356CAB54D}"
EndProject
Global
	GlobalSection(SolutionConfigurationPlatforms) = preSolution
		Debug|Any CPU = Debug|Any CPU
		Release|Any CPU = Release|Any CPU
	EndGlobalSection
	GlobalSection(ProjectConfigurationPlatforms) = postSolution
		{797D2CAA-3D77-4541-ABE5-8ADE1939D8AC}.Debug|Any CPU.ActiveCfg = Debug|Any CPU
		{797D2CAA-3D77-4541-ABE5-8ADE1939D8AC}.Debug|Any CPU.Build.0 = Debug|Any CPU
		{797D2CAA-3D77-4541-ABE5-8ADE1939D8AC}.Release|Any CPU.ActiveCfg = Release|Any CPU
		{797D2CAA-3D77-4541-ABE5-8ADE1939D8AC}.Release|Any CPU.Build.0 = Release|Any CPU
		{70983110-A624-44D5-B76F-A87356CAB54D}.Debug|Any CPU.ActiveCfg = Debug|Any CPU
		{70983110-A624-44D5-B76F-A87356CAB54D}.Debug|Any CPU.Build.0 = Debug|Any CPU
		{70983110-A624-44D5-B76F-A87356CAB54D}.Release|Any CPU.ActiveCfg = Release|Any CPU
		{70983110-A624-44D5-B76F-A87356CAB54D}.Release|Any CPU.Build.0 = Release|Any CPU
	EndGlobalSection
	GlobalSection(SolutionProperties) = preSolution
		HideSolutionNode = FALSE
	EndGlobalSection
EndGlobal
